
Microsoft Visual Studio Solution File, Format Version 12.00
# Visual Studio Version 16
VisualStudioVersion = 16.0.30907.101
MinimumVisualStudioVersion = 10.0.40219.1
Project("{FAE04EC0-301F-11D3-BF4B-00C04F79EFBC}") = "Client", "Client\ClaDropbox_1\Client.csproj", "{FF3D604B-413B-4FF4-BA25-B372FBD31A84}"
EndProject
Project("{FAE04EC0-301F-11D3-BF4B-00C04F79EFBC}") = "Sever", "Server\SeverTest\Sever.csproj", "{2198BCC7-D226-411E-AE6E-4D6A8E5C58CF}"
EndProject
Global
	GlobalSection(SolutionConfigurationPlatforms) = preSolution
		Debug|Any CPU = Debug|Any CPU
		Release|Any CPU = Release|Any CPU
	EndGlobalSection
	GlobalSection(ProjectConfigurationPlatforms) = postSolution
		{FF3D604B-413B-4FF4-BA25-B372FBD31A84}.Debug|Any CPU.ActiveCfg = Debug|Any CPU
		{FF3D604B-413B-4FF4-BA25-B372FBD31A84}.Debug|Any CPU.Build.0 = Debug|Any CPU
		{FF3D604B-413B-4FF4-BA25-B372FBD31A84}.Release|Any CPU.ActiveCfg = Release|Any CPU
		{FF3D604B-413B-4FF4-BA25-B372FBD31A84}.Release|Any CPU.Build.0 = Release|Any CPU
		{2198BCC7-D226-411E-AE6E-4D6A8E5C58CF}.Debug|Any CPU.ActiveCfg = Debug|Any CPU
		{2198BCC7-D226-411E-AE6E-4D6A8E5C58CF}.Debug|Any CPU.Build.0 = Debug|Any CPU
		{2198BCC7-D226-411E-AE6E-4D6A8E5C58CF}.Release|Any CPU.ActiveCfg = Release|Any CPU
		{2198BCC7-D226-411E-AE6E-4D6A8E5C58CF}.Release|Any CPU.Build.0 = Release|Any CPU
	EndGlobalSection
	GlobalSection(SolutionProperties) = preSolution
		HideSolutionNode = FALSE
	EndGlobalSection
	GlobalSection(ExtensibilityGlobals) = postSolution
		SolutionGuid = {7B7D6067-8219-4B05-8D28-FCCC71B8EC26}
	EndGlobalSection
EndGlobal
